
Microsoft Visual Studio Solution File, Format Version 11.00
# Visual Studio 2010
Project("{FAE04EC0-301F-11D3-BF4B-00C04F79EFBC}") = "SWD391_Final", "Assembly-CSharp.csproj", "{D6AD257B-4429-5ABB-BE53-A731EA6E1801}"
EndProject
Project("{FAE04EC0-301F-11D3-BF4B-00C04F79EFBC}") = "SWD391_Final", "Assembly-CSharp-Editor.csproj", "{3F630E4F-2BD9-5D16-47B4-6EE45217445E}"
EndProject
Global
	GlobalSection(SolutionConfigurationPlatforms) = preSolution
		Debug|Any CPU = Debug|Any CPU
		Release|Any CPU = Release|Any CPU
	EndGlobalSection
	GlobalSection(ProjectConfigurationPlatforms) = postSolution
		{D6AD257B-4429-5ABB-BE53-A731EA6E1801}.Debug|Any CPU.ActiveCfg = Debug|Any CPU
		{D6AD257B-4429-5ABB-BE53-A731EA6E1801}.Debug|Any CPU.Build.0 = Debug|Any CPU
		{D6AD257B-4429-5ABB-BE53-A731EA6E1801}.Release|Any CPU.ActiveCfg = Release|Any CPU
		{D6AD257B-4429-5ABB-BE53-A731EA6E1801}.Release|Any CPU.Build.0 = Release|Any CPU
		{3F630E4F-2BD9-5D16-47B4-6EE45217445E}.Debug|Any CPU.ActiveCfg = Debug|Any CPU
		{3F630E4F-2BD9-5D16-47B4-6EE45217445E}.Debug|Any CPU.Build.0 = Debug|Any CPU
		{3F630E4F-2BD9-5D16-47B4-6EE45217445E}.Release|Any CPU.ActiveCfg = Release|Any CPU
		{3F630E4F-2BD9-5D16-47B4-6EE45217445E}.Release|Any CPU.Build.0 = Release|Any CPU
	EndGlobalSection
	GlobalSection(SolutionProperties) = preSolution
		HideSolutionNode = FALSE
	EndGlobalSection
	GlobalSection(MonoDevelopProperties) = preSolution
		StartupItem = Assembly-CSharp.csproj
	EndGlobalSection
EndGlobal
